
Microsoft Visual Studio Solution File, Format Version 12.00
# Visual Studio Version 17
VisualStudioVersion = 17.8.34511.84
MinimumVisualStudioVersion = 10.0.40219.1
Project("{FAE04EC0-301F-11D3-BF4B-00C04F79EFBC}") = "Arraysapril4", "Arraysapril4\Arraysapril4.csproj", "{6C9C8057-F848-4AD0-A705-24FB64EE3FEA}"
EndProject
Global
	GlobalSection(SolutionConfigurationPlatforms) = preSolution
		Debug|Any CPU = Debug|Any CPU
		Release|Any CPU = Release|Any CPU
	EndGlobalSection
	GlobalSection(ProjectConfigurationPlatforms) = postSolution
		{6C9C8057-F848-4AD0-A705-24FB64EE3FEA}.Debug|Any CPU.ActiveCfg = Debug|Any CPU
		{6C9C8057-F848-4AD0-A705-24FB64EE3FEA}.Debug|Any CPU.Build.0 = Debug|Any CPU
		{6C9C8057-F848-4AD0-A705-24FB64EE3FEA}.Release|Any CPU.ActiveCfg = Release|Any CPU
		{6C9C8057-F848-4AD0-A705-24FB64EE3FEA}.Release|Any CPU.Build.0 = Release|Any CPU
	EndGlobalSection
	GlobalSection(SolutionProperties) = preSolution
		HideSolutionNode = FALSE
	EndGlobalSection
	GlobalSection(ExtensibilityGlobals) = postSolution
		SolutionGuid = {C5928C46-8846-42DE-B5FA-40A84E33183C}
	EndGlobalSection
EndGlobal
